// !$*UTF8*$!
{
	archiveVersion = 1;
	classes = {
	};
	objectVersion = 50;
	objects = {

/* Begin PBXBuildFile section */
		FE216088208D910700B75115 /* AppDelegate.m in Sources */ = {isa = PBXBuildFile; fileRef = FE216087208D910700B75115 /* AppDelegate.m */; };
		FE21608B208D910700B75115 /* ViewController.m in Sources */ = {isa = PBXBuildFile; fileRef = FE21608A208D910700B75115 /* ViewController.m */; };
		FE21608E208D910700B75115 /* Main.storyboard in Resources */ = {isa = PBXBuildFile; fileRef = FE21608C208D910700B75115 /* Main.storyboard */; };
		FE216090208D910700B75115 /* Assets.xcassets in Resources */ = {isa = PBXBuildFile; fileRef = FE21608F208D910700B75115 /* Assets.xcassets */; };
		FE216093208D910700B75115 /* LaunchScreen.storyboard in Resources */ = {isa = PBXBuildFile; fileRef = FE216091208D910700B75115 /* LaunchScreen.storyboard */; };
		FE216096208D910700B75115 /* main.m in Sources */ = {isa = PBXBuildFile; fileRef = FE216095208D910700B75115 /* main.m */; };
		FE2160A1208D9B5300B75115 /* HLFileHash in Resources */ = {isa = PBXBuildFile; fileRef = FE2160A0208D9B5300B75115 /* HLFileHash */; };
/* End PBXBuildFile section */

/* Begin PBXFileReference section */
		FE216083208D910700B75115 /* HLFileHashDemo.app */ = {isa = PBXFileReference; explicitFileType = wrapper.application; includeInIndex = 0; path = HLFileHashDemo.app; sourceTree = BUILT_PRODUCTS_DIR; };
		FE216086208D910700B75115 /* AppDelegate.h */ = {isa = PBXFileReference; lastKnownFileType = sourcecode.c.h; path = AppDelegate.h; sourceTree = "<group>"; };
		FE216087208D910700B75115 /* AppDelegate.m */ = {isa = PBXFileReference; lastKnownFileType = sourcecode.c.objc; path = AppDelegate.m; sourceTree = "<group>"; };
		FE216089208D910700B75115 /* ViewController.h */ = {isa = PBXFileReference; lastKnownFileType = sourcecode.c.h; path = ViewController.h; sourceTree = "<group>"; };
		FE21608A208D910700B75115 /* ViewController.m */ = {isa = PBXFileReference; lastKnownFileType = sourcecode.c.objc; path = ViewController.m; sourceTree = "<group>"; };
		FE21608D208D910700B75115 /* Base */ = {isa = PBXFileReference; lastKnownFileType = file.storyboard; name = Base; path = Base.lproj/Main.storyboard; sourceTree = "<group>"; };
		FE21608F208D910700B75115 /* Assets.xcassets */ = {isa = PBXFileReference; lastKnownFileType = folder.assetcatalog; path = Assets.xcassets; sourceTree = "<group>"; };
		FE216092208D910700B75115 /* Base */ = {isa = PBXFileReference; lastKnownFileType = file.storyboard; name = Base; path = Base.lproj/LaunchScreen.storyboard; sourceTree = "<group>"; };
		FE216094208D910700B75115 /* Info.plist */ = {isa = PBXFileReference; lastKnownFileType = text.plist.xml; path = Info.plist; sourceTree = "<group>"; };
		FE216095208D910700B75115 /* main.m */ = {isa = PBXFileReference; lastKnownFileType = sourcecode.c.objc; path = main.m; sourceTree = "<group>"; };
		FE2160A0208D9B5300B75115 /* HLFileHash */ = {isa = PBXFileReference; lastKnownFileType = folder; name = HLFileHash; path = ../../HLFileHash; sourceTree = "<group>"; };
/* End PBXFileReference section */

/* Begin PBXFrameworksBuildPhase section */
		FE216080208D910700B75115 /* Frameworks */ = {
			isa = PBXFrameworksBuildPhase;
			buildActionMask = 2147483647;
			files = (
			);
			runOnlyForDeploymentPostprocessing = 0;
		};
/* End PBXFrameworksBuildPhase section */

/* Begin PBXGroup section */
		FE21607A208D910700B75115 = {
			isa = PBXGroup;
			children = (
				FE216085208D910700B75115 /* HLFileHashDemo */,
				FE216084208D910700B75115 /* Products */,
			);
			sourceTree = "<group>";
		};
		FE216084208D910700B75115 /* Products */ = {
			isa = PBXGroup;
			children = (
				FE216083208D910700B75115 /* HLFileHashDemo.app */,
			);
			name = Products;
			sourceTree = "<group>";
		};
		FE216085208D910700B75115 /* HLFileHashDemo */ = {
			isa = PBXGroup;
			children = (
				FE216086208D910700B75115 /* AppDelegate.h */,
				FE216087208D910700B75115 /* AppDelegate.m */,
				FE216089208D910700B75115 /* ViewController.h */,
				FE21608A208D910700B75115 /* ViewController.m */,
				FE21608C208D910700B75115 /* Main.storyboard */,
				FE2160A0208D9B5300B75115 /* HLFileHash */,
				FE21608F208D910700B75115 /* Assets.xcassets */,
				FE216091208D910700B75115 /* LaunchScreen.storyboard */,
				FE216094208D910700B75115 /* Info.plist */,
				FE216095208D910700B75115 /* main.m */,
			);
			path = HLFileHashDemo;
			sourceTree = "<group>";
		};
/* End PBXGroup section */

/* Begin PBXNativeTarget section */
		FE216082208D910700B75115 /* HLFileHashDemo */ = {
			isa = PBXNativeTarget;
			buildConfigurationList = FE216099208D910700B75115 /* Build configuration list for PBXNativeTarget "HLFileHashDemo" */;
			buildPhases = (
				FE21607F208D910700B75115 /* Sources */,
				FE216080208D910700B75115 /* Frameworks */,
				FE216081208D910700B75115 /* Resources */,
			);
			buildRules = (
			);
			dependencies = (
			);
			name = HLFileHashDemo;
			productName = HLFileHashDemo;
			productReference = FE216083208D910700B75115 /* HLFileHashDemo.app */;
			productType = "com.apple.product-type.application";
		};
/* End PBXNativeTarget section */

/* Begin PBXProject section */
		FE21607B208D910700B75115 /* Project object */ = {
			isa = PBXProject;
			attributes = {
				LastUpgradeCheck = 0930;
				ORGANIZATIONNAME = "刘豪亮";
				TargetAttributes = {
					FE216082208D910700B75115 = {
						CreatedOnToolsVersion = 9.3;
					};
				};
			};
			buildConfigurationList = FE21607E208D910700B75115 /* Build configuration list for PBXProject "HLFileHashDemo" */;
			compatibilityVersion = "Xcode 9.3";
			developmentRegion = en;
			hasScannedForEncodings = 0;
			knownRegions = (
				en,
				Base,
			);
			mainGroup = FE21607A208D910700B75115;
			productRefGroup = FE216084208D910700B75115 /* Products */;
			projectDirPath = "";
			projectRoot = "";
			targets = (
				FE216082208D910700B75115 /* HLFileHashDemo */,
			);
		};
/* End PBXProject section */

/* Begin PBXResourcesBuildPhase section */
		FE216081208D910700B75115 /* Resources */ = {
			isa = PBXResourcesBuildPhase;
			buildActionMask = 2147483647;
			files = (
				FE216093208D910700B75115 /* LaunchScreen.storyboard in Resources */,
				FE216090208D910700B75115 /* Assets.xcassets in Resources */,
				FE2160A1208D9B5300B75115 /* HLFileHash in Resources */,
				FE21608E208D910700B75115 /* Main.storyboard in Resources */,
			);
			runOnlyForDeploymentPostprocessing = 0;
		};
/* End PBXResourcesBuildPhase section */

/* Begin PBXSourcesBuildPhase section */
		FE21607F208D910700B75115 /* Sources */ = {
			isa = PBXSourcesBuildPhase;
			buildActionMask = 2147483647;
			files = (
				FE21608B208D910700B75115 /* ViewController.m in Sources */,
				FE216096208D910700B75115 /* main.m in Sources */,
				FE216088208D910700B75115 /* AppDelegate.m in Sources */,
			);
			runOnlyForDeploymentPostprocessing = 0;
		};
/* End PBXSourcesBuildPhase section */

/* Begin PBXVariantGroup section */
		FE21608C208D910700B75115 /* Main.storyboard */ = {
			isa = PBXVariantGroup;
			children = (
				FE21608D208D910700B75115 /* Base */,
			);
			name = Main.storyboard;
			sourceTree = "<group>";
		};
		FE216091208D910700B75115 /* LaunchScreen.storyboard */ = {
			isa = PBXVariantGroup;
			children = (
				FE216092208D910700B75115 /* Base */,
			);
			name = LaunchScreen.storyboard;
			sourceTree = "<group>";
		};
/* End PBXVariantGroup section */

/* Begin XCBuildConfiguration section */
		FE216097208D910700B75115 /* Debug */ = {
			isa = XCBuildConfiguration;
			buildSettings = {
				ALWAYS_SEARCH_USER_PATHS = NO;
				CLANG_ANALYZER_NONNULL = YES;
				CLANG_ANALYZER_NUMBER_OBJECT_CONVERSION = YES_AGGRESSIVE;
				CLANG_CXX_LANGUAGE_STANDARD = "gnu++14";
				CLANG_CXX_LIBRARY = "libc++";
				CLANG_ENABLE_MODULES = YES;
				CLANG_ENABLE_OBJC_ARC = YES;
				CLANG_ENABLE_OBJC_WEAK = YES;
				CLANG_WARN_BLOCK_CAPTURE_AUTORELEASING = YES;
				CLANG_WARN_BOOL_CONVERSION = YES;
				CLANG_WARN_COMMA = YES;
				CLANG_WARN_CONSTANT_CONVERSION = YES;
				CLANG_WARN_DEPRECATED_OBJC_IMPLEMENTATIONS = YES;
				CLANG_WARN_DIRECT_OBJC_ISA_USAGE = YES_ERROR;
				CLANG_WARN_DOCUMENTATION_COMMENTS = YES;
				CLANG_WARN_EMPTY_BODY = YES;
				CLANG_WARN_ENUM_CONVERSION = YES;
				CLANG_WARN_INFINITE_RECURSION = YES;
				CLANG_WARN_INT_CONVERSION = YES;
				CLANG_WARN_NON_LITERAL_NULL_CONVERSION = YES;
				CLANG_WARN_OBJC_IMPLICIT_RETAIN_SELF = YES;
				CLANG_WARN_OBJC_LITERAL_CONVERSION = YES;
				CLANG_WARN_OBJC_ROOT_CLASS = YES_ERROR;
				CLANG_WARN_RANGE_LOOP_ANALYSIS = YES;
				CLANG_WARN_STRICT_PROTOTYPES = YES;
				CLANG_WARN_SUSPICIOUS_MOVE = YES;
				CLANG_WARN_UNGUARDED_AVAILABILITY = YES_AGGRESSIVE;
				CLANG_WARN_UNREACHABLE_CODE = YES;
				CLANG_WARN__DUPLICATE_METHOD_MATCH = YES;
				CODE_SIGN_IDENTITY = "iPhone Developer";
				COPY_PHASE_STRIP = NO;
				DEBUG_INFORMATION_FORMAT = dwarf;
				ENABLE_STRICT_OBJC_MSGSEND = YES;
				ENABLE_TESTABILITY = YES;
				GCC_C_LANGUAGE_STANDARD = gnu11;
				GCC_DYNAMIC_NO_PIC = NO;
				GCC_NO_COMMON_BLOCKS = YES;
				GCC_OPTIMIZATION_LEVEL = 0;
				GCC_PREPROCESSOR_DEFINITIONS = (
					"DEBUG=1",
					"$(inherited)",
				);
				GCC_WARN_64_TO_32_BIT_CONVERSION = YES;
				GCC_WARN_ABOUT_RETURN_TYPE = YES_ERROR;
				GCC_WARN_UNDECLARED_SELECTOR = YES;
				GCC_WARN_UNINITIALIZED_AUTOS = YES_AGGRESSIVE;
				GCC_WARN_UNUSED_FUNCTION = YES;
				GCC_WARN_UNUSED_VARIABLE = YES;
				IPHONEOS_DEPLOYMENT_TARGET = 11.3;
				MTL_ENABLE_DEBUG_INFO = YES;
				ONLY_ACTIVE_ARCH = YES;
				SDKROOT = iphoneos;
			};
			name = Debug;
		};
		FE216098208D910700B75115 /* Release */ = {
			isa = XCBuildConfiguration;
			buildSettings = {
				ALWAYS_SEARCH_USER_PATHS = NO;
				CLANG_ANALYZER_NONNULL = YES;
				CLANG_ANALYZER_NUMBER_OBJECT_CONVERSION = YES_AGGRESSIVE;
				CLANG_CXX_LANGUAGE_STANDARD = "gnu++14";
				CLANG_CXX_LIBRARY = "libc++";
				CLANG_ENABLE_MODULES = YES;
				CLANG_ENABLE_OBJC_ARC = YES;
				CLANG_ENABLE_OBJC_WEAK = YES;
				CLANG_WARN_BLOCK_CAPTURE_AUTORELEASING = YES;
				CLANG_WARN_BOOL_CONVERSION = YES;
				CLANG_WARN_COMMA = YES;
				CLANG_WARN_CONSTANT_CONVERSION = YES;
				CLANG_WARN_DEPRECATED_OBJC_IMPLEMENTATIONS = YES;
				CLANG_WARN_DIRECT_OBJC_ISA_USAGE = YES_ERROR;
				CLANG_WARN_DOCUMENTATION_COMMENTS = YES;
				CLANG_WARN_EMPTY_BODY = YES;
				CLANG_WARN_ENUM_CONVERSION = YES;
				CLANG_WARN_INFINITE_RECURSION = YES;
				CLANG_WARN_INT_CONVERSION = YES;
				CLANG_WARN_NON_LITERAL_NULL_CONVERSION = YES;
				CLANG_WARN_OBJC_IMPLICIT_RETAIN_SELF = YES;
				CLANG_WARN_OBJC_LITERAL_CONVERSION = YES;
				CLANG_WARN_OBJC_ROOT_CLASS = YES_ERROR;
				CLANG_WARN_RANGE_LOOP_ANALYSIS = YES;
				CLANG_WARN_STRICT_PROTOTYPES = YES;
				CLANG_WARN_SUSPICIOUS_MOVE = YES;
				CLANG_WARN_UNGUARDED_AVAILABILITY = YES_AGGRESSIVE;
				CLANG_WARN_UNREACHABLE_CODE = YES;
				CLANG_WARN__DUPLICATE_METHOD_MATCH = YES;
				CODE_SIGN_IDENTITY = "iPhone Developer";
				COPY_PHASE_STRIP = NO;
				DEBUG_INFORMATION_FORMAT = "dwarf-with-dsym";
				ENABLE_NS_ASSERTIONS = NO;
				ENABLE_STRICT_OBJC_MSGSEND = YES;
				GCC_C_LANGUAGE_STANDARD = gnu11;
				GCC_NO_COMMON_BLOCKS = YES;
				GCC_WARN_64_TO_32_BIT_CONVERSION = YES;
				GCC_WARN_ABOUT_RETURN_TYPE = YES_ERROR;
				GCC_WARN_UNDECLARED_SELECTOR = YES;
				GCC_WARN_UNINITIALIZED_AUTOS = YES_AGGRESSIVE;
				GCC_WARN_UNUSED_FUNCTION = YES;
				GCC_WARN_UNUSED_VARIABLE = YES;
				IPHONEOS_DEPLOYMENT_TARGET = 11.3;
				MTL_ENABLE_DEBUG_INFO = NO;
				SDKROOT = iphoneos;
				VALIDATE_PRODUCT = YES;
			};
			name = Release;
		};
		FE21609A208D910700B75115 /* Debug */ = {
			isa = XCBuildConfiguration;
			buildSettings = {
				ASSETCATALOG_COMPILER_APPICON_NAME = AppIcon;
				CODE_SIGN_STYLE = Automatic;
				DEVELOPMENT_TEAM = 4WU25QMXPY;
				INFOPLIST_FILE = HLFileHashDemo/Info.plist;
				LD_RUNPATH_SEARCH_PATHS = (
					"$(inherited)",
					"@executable_path/Frameworks",
				);
				PRODUCT_BUNDLE_IDENTIFIER = com.jian24.test;
				PRODUCT_NAME = "$(TARGET_NAME)";
				TARGETED_DEVICE_FAMILY = "1,2";
			};
			name = Debug;
		};
		FE21609B208D910700B75115 /* Release */ = {
			isa = XCBuildConfiguration;
			buildSettings = {
				ASSETCATALOG_COMPILER_APPICON_NAME = AppIcon;
				CODE_SIGN_STYLE = Automatic;
				DEVELOPMENT_TEAM = 4WU25QMXPY;
				INFOPLIST_FILE = HLFileHashDemo/Info.plist;
				LD_RUNPATH_SEARCH_PATHS = (
					"$(inherited)",
					"@executable_path/Frameworks",
				);
				PRODUCT_BUNDLE_IDENTIFIER = com.jian24.test;
				PRODUCT_NAME = "$(TARGET_NAME)";
				TARGETED_DEVICE_FAMILY = "1,2";
			};
			name = Release;
		};
/* End XCBuildConfiguration section */

/* Begin XCConfigurationList section */
		FE21607E208D910700B75115 /* Build configuration list for PBXProject "HLFileHashDemo" */ = {
			isa = XCConfigurationList;
			buildConfigurations = (
				FE216097208D910700B75115 /* Debug */,
				FE216098208D910700B75115 /* Release */,
			);
			defaultConfigurationIsVisible = 0;
			defaultConfigurationName = Release;
		};
		FE216099208D910700B75115 /* Build configuration list for PBXNativeTarget "HLFileHashDemo" */ = {
			isa = XCConfigurationList;
			buildConfigurations = (
				FE21609A208D910700B75115 /* Debug */,
				FE21609B208D910700B75115 /* Release */,
			);
			defaultConfigurationIsVisible = 0;
			defaultConfigurationName = Release;
		};
/* End XCConfigurationList section */
	};
	rootObject = FE21607B208D910700B75115 /* Project object */;
}
